
Microsoft Visual Studio Solution File, Format Version 12.00
# Visual Studio Version 17
VisualStudioVersion = 17.2.32516.85
MinimumVisualStudioVersion = 10.0.40219.1
Project("{9A19103F-16F7-4668-BE54-9A1E7A4F7556}") = "HandsOnClassesAndObjects", "HandsOnClassesAndObjects.csproj", "{B65DA828-4445-4F55-A494-007273771DD2}"
EndProject
Project("{FAE04EC0-301F-11D3-BF4B-00C04F79EFBC}") = "HandsOnMethodParameterModifiers", "..\HandsOnMethodParameterModifiers\HandsOnMethodParameterModifiers.csproj", "{D4879954-494C-4749-B3C1-BE4A073E6FA7}"
EndProject
Global
	GlobalSection(SolutionConfigurationPlatforms) = preSolution
		Debug|Any CPU = Debug|Any CPU
		Release|Any CPU = Release|Any CPU
	EndGlobalSection
	GlobalSection(ProjectConfigurationPlatforms) = postSolution
		{B65DA828-4445-4F55-A494-007273771DD2}.Debug|Any CPU.ActiveCfg = Debug|Any CPU
		{B65DA828-4445-4F55-A494-007273771DD2}.Debug|Any CPU.Build.0 = Debug|Any CPU
		{B65DA828-4445-4F55-A494-007273771DD2}.Release|Any CPU.ActiveCfg = Release|Any CPU
		{B65DA828-4445-4F55-A494-007273771DD2}.Release|Any CPU.Build.0 = Release|Any CPU
		{D4879954-494C-4749-B3C1-BE4A073E6FA7}.Debug|Any CPU.ActiveCfg = Debug|Any CPU
		{D4879954-494C-4749-B3C1-BE4A073E6FA7}.Debug|Any CPU.Build.0 = Debug|Any CPU
		{D4879954-494C-4749-B3C1-BE4A073E6FA7}.Release|Any CPU.ActiveCfg = Release|Any CPU
		{D4879954-494C-4749-B3C1-BE4A073E6FA7}.Release|Any CPU.Build.0 = Release|Any CPU
	EndGlobalSection
	GlobalSection(SolutionProperties) = preSolution
		HideSolutionNode = FALSE
	EndGlobalSection
	GlobalSection(ExtensibilityGlobals) = postSolution
		SolutionGuid = {27EF2F7F-BEC2-40FC-8F09-71FD96EA6B0D}
	EndGlobalSection
EndGlobal
