
Microsoft Visual Studio Solution File, Format Version 12.00
# Visual Studio Version 16
VisualStudioVersion = 16.0.32510.428
MinimumVisualStudioVersion = 10.0.40219.1
Project("{FAE04EC0-301F-11D3-BF4B-00C04F79EFBC}") = "HandsOnClassVariables", "HandsOnClassVariables.csproj", "{84E6CDB0-DE2A-42EA-980E-F91B07AAF51D}"
EndProject
Global
	GlobalSection(SolutionConfigurationPlatforms) = preSolution
		Debug|Any CPU = Debug|Any CPU
		Release|Any CPU = Release|Any CPU
	EndGlobalSection
	GlobalSection(ProjectConfigurationPlatforms) = postSolution
		{84E6CDB0-DE2A-42EA-980E-F91B07AAF51D}.Debug|Any CPU.ActiveCfg = Debug|Any CPU
		{84E6CDB0-DE2A-42EA-980E-F91B07AAF51D}.Debug|Any CPU.Build.0 = Debug|Any CPU
		{84E6CDB0-DE2A-42EA-980E-F91B07AAF51D}.Release|Any CPU.ActiveCfg = Release|Any CPU
		{84E6CDB0-DE2A-42EA-980E-F91B07AAF51D}.Release|Any CPU.Build.0 = Release|Any CPU
	EndGlobalSection
	GlobalSection(SolutionProperties) = preSolution
		HideSolutionNode = FALSE
	EndGlobalSection
	GlobalSection(ExtensibilityGlobals) = postSolution
		SolutionGuid = {AC71577D-C702-407B-AB3E-9204D16F7BEE}
	EndGlobalSection
EndGlobal
