
Microsoft Visual Studio Solution File, Format Version 12.00
# Visual Studio Version 17
VisualStudioVersion = 17.2.32516.85
MinimumVisualStudioVersion = 10.0.40219.1
Project("{FAE04EC0-301F-11D3-BF4B-00C04F79EFBC}") = "HandsOnTypeConversion", "HandsOnTypeConversion.csproj", "{6F70AB3E-8105-4FD2-8121-BE2B0E959F67}"
EndProject
Global
	GlobalSection(SolutionConfigurationPlatforms) = preSolution
		Debug|Any CPU = Debug|Any CPU
		Release|Any CPU = Release|Any CPU
	EndGlobalSection
	GlobalSection(ProjectConfigurationPlatforms) = postSolution
		{6F70AB3E-8105-4FD2-8121-BE2B0E959F67}.Debug|Any CPU.ActiveCfg = Debug|Any CPU
		{6F70AB3E-8105-4FD2-8121-BE2B0E959F67}.Debug|Any CPU.Build.0 = Debug|Any CPU
		{6F70AB3E-8105-4FD2-8121-BE2B0E959F67}.Release|Any CPU.ActiveCfg = Release|Any CPU
		{6F70AB3E-8105-4FD2-8121-BE2B0E959F67}.Release|Any CPU.Build.0 = Release|Any CPU
	EndGlobalSection
	GlobalSection(SolutionProperties) = preSolution
		HideSolutionNode = FALSE
	EndGlobalSection
	GlobalSection(ExtensibilityGlobals) = postSolution
		SolutionGuid = {D1BC84F1-8C8E-40F7-B244-8460C120EA84}
	EndGlobalSection
EndGlobal
