
Microsoft Visual Studio Solution File, Format Version 12.00
# Visual Studio Version 16
VisualStudioVersion = 16.0.31829.152
MinimumVisualStudioVersion = 10.0.40219.1
Project("{FAE04EC0-301F-11D3-BF4B-00C04F79EFBC}") = "HandsOnProperties", "HandsOnProperties\HandsOnProperties.csproj", "{A26905D6-D8AE-4EBD-B00D-BFCC4BAB7294}"
EndProject
Global
	GlobalSection(SolutionConfigurationPlatforms) = preSolution
		Debug|Any CPU = Debug|Any CPU
		Release|Any CPU = Release|Any CPU
	EndGlobalSection
	GlobalSection(ProjectConfigurationPlatforms) = postSolution
		{A26905D6-D8AE-4EBD-B00D-BFCC4BAB7294}.Debug|Any CPU.ActiveCfg = Debug|Any CPU
		{A26905D6-D8AE-4EBD-B00D-BFCC4BAB7294}.Debug|Any CPU.Build.0 = Debug|Any CPU
		{A26905D6-D8AE-4EBD-B00D-BFCC4BAB7294}.Release|Any CPU.ActiveCfg = Release|Any CPU
		{A26905D6-D8AE-4EBD-B00D-BFCC4BAB7294}.Release|Any CPU.Build.0 = Release|Any CPU
	EndGlobalSection
	GlobalSection(SolutionProperties) = preSolution
		HideSolutionNode = FALSE
	EndGlobalSection
	GlobalSection(ExtensibilityGlobals) = postSolution
		SolutionGuid = {E3841F3C-A3BF-4062-9E40-25B2522D167F}
	EndGlobalSection
EndGlobal
