
Microsoft Visual Studio Solution File, Format Version 12.00
# Visual Studio Version 16
VisualStudioVersion = 16.0.31005.135
MinimumVisualStudioVersion = 10.0.40219.1
Project("{FAE04EC0-301F-11D3-BF4B-00C04F79EFBC}") = "HandsOnAdoDisconnectedArchitecture", "HandsOnAdoDisconnectedArchitecture\HandsOnAdoDisconnectedArchitecture.csproj", "{4C71F061-B45D-4920-AA5C-2FA125543F2A}"
EndProject
Global
	GlobalSection(SolutionConfigurationPlatforms) = preSolution
		Debug|Any CPU = Debug|Any CPU
		Release|Any CPU = Release|Any CPU
	EndGlobalSection
	GlobalSection(ProjectConfigurationPlatforms) = postSolution
		{4C71F061-B45D-4920-AA5C-2FA125543F2A}.Debug|Any CPU.ActiveCfg = Debug|Any CPU
		{4C71F061-B45D-4920-AA5C-2FA125543F2A}.Debug|Any CPU.Build.0 = Debug|Any CPU
		{4C71F061-B45D-4920-AA5C-2FA125543F2A}.Release|Any CPU.ActiveCfg = Release|Any CPU
		{4C71F061-B45D-4920-AA5C-2FA125543F2A}.Release|Any CPU.Build.0 = Release|Any CPU
	EndGlobalSection
	GlobalSection(SolutionProperties) = preSolution
		HideSolutionNode = FALSE
	EndGlobalSection
	GlobalSection(ExtensibilityGlobals) = postSolution
		SolutionGuid = {05F79EC3-53AB-4EAE-B020-6CFCD717BF9F}
	EndGlobalSection
EndGlobal
