
Microsoft Visual Studio Solution File, Format Version 12.00
# Visual Studio Version 17
VisualStudioVersion = 17.2.32516.85
MinimumVisualStudioVersion = 10.0.40219.1
Project("{FAE04EC0-301F-11D3-BF4B-00C04F79EFBC}") = "HandsOnEFCodeFirst", "HandsOnEFCodeFirst\HandsOnEFCodeFirst.csproj", "{7E40C3CD-3A5C-48A7-BF61-929F1EFF9E6B}"
EndProject
Global
	GlobalSection(SolutionConfigurationPlatforms) = preSolution
		Debug|Any CPU = Debug|Any CPU
		Release|Any CPU = Release|Any CPU
	EndGlobalSection
	GlobalSection(ProjectConfigurationPlatforms) = postSolution
		{7E40C3CD-3A5C-48A7-BF61-929F1EFF9E6B}.Debug|Any CPU.ActiveCfg = Debug|Any CPU
		{7E40C3CD-3A5C-48A7-BF61-929F1EFF9E6B}.Debug|Any CPU.Build.0 = Debug|Any CPU
		{7E40C3CD-3A5C-48A7-BF61-929F1EFF9E6B}.Release|Any CPU.ActiveCfg = Release|Any CPU
		{7E40C3CD-3A5C-48A7-BF61-929F1EFF9E6B}.Release|Any CPU.Build.0 = Release|Any CPU
	EndGlobalSection
	GlobalSection(SolutionProperties) = preSolution
		HideSolutionNode = FALSE
	EndGlobalSection
	GlobalSection(ExtensibilityGlobals) = postSolution
		SolutionGuid = {5C097E7C-A7EE-4CDF-8F86-B89C84A71368}
	EndGlobalSection
EndGlobal
