
Microsoft Visual Studio Solution File, Format Version 12.00
# Visual Studio Version 17
VisualStudioVersion = 17.2.32516.85
MinimumVisualStudioVersion = 10.0.40219.1
Project("{FAE04EC0-301F-11D3-BF4B-00C04F79EFBC}") = "HandsOnLoops", "HandsOnLoops.csproj", "{A7775196-406C-43F5-9405-9B3F6E565E0D}"
EndProject
Global
	GlobalSection(SolutionConfigurationPlatforms) = preSolution
		Debug|Any CPU = Debug|Any CPU
		Release|Any CPU = Release|Any CPU
	EndGlobalSection
	GlobalSection(ProjectConfigurationPlatforms) = postSolution
		{A7775196-406C-43F5-9405-9B3F6E565E0D}.Debug|Any CPU.ActiveCfg = Debug|Any CPU
		{A7775196-406C-43F5-9405-9B3F6E565E0D}.Debug|Any CPU.Build.0 = Debug|Any CPU
		{A7775196-406C-43F5-9405-9B3F6E565E0D}.Release|Any CPU.ActiveCfg = Release|Any CPU
		{A7775196-406C-43F5-9405-9B3F6E565E0D}.Release|Any CPU.Build.0 = Release|Any CPU
	EndGlobalSection
	GlobalSection(SolutionProperties) = preSolution
		HideSolutionNode = FALSE
	EndGlobalSection
	GlobalSection(ExtensibilityGlobals) = postSolution
		SolutionGuid = {43889F0D-15CC-4DB8-9825-7A02FDD51F5D}
	EndGlobalSection
EndGlobal
