
Microsoft Visual Studio Solution File, Format Version 12.00
# Visual Studio Version 17
VisualStudioVersion = 17.2.32516.85
MinimumVisualStudioVersion = 10.0.40219.1
Project("{FAE04EC0-301F-11D3-BF4B-00C04F79EFBC}") = "HandsOnArray", "HandsOnArray.csproj", "{E83EA64D-5C30-46D3-BDDE-BD2FEDC4166E}"
EndProject
Global
	GlobalSection(SolutionConfigurationPlatforms) = preSolution
		Debug|Any CPU = Debug|Any CPU
		Release|Any CPU = Release|Any CPU
	EndGlobalSection
	GlobalSection(ProjectConfigurationPlatforms) = postSolution
		{E83EA64D-5C30-46D3-BDDE-BD2FEDC4166E}.Debug|Any CPU.ActiveCfg = Debug|Any CPU
		{E83EA64D-5C30-46D3-BDDE-BD2FEDC4166E}.Debug|Any CPU.Build.0 = Debug|Any CPU
		{E83EA64D-5C30-46D3-BDDE-BD2FEDC4166E}.Release|Any CPU.ActiveCfg = Release|Any CPU
		{E83EA64D-5C30-46D3-BDDE-BD2FEDC4166E}.Release|Any CPU.Build.0 = Release|Any CPU
	EndGlobalSection
	GlobalSection(SolutionProperties) = preSolution
		HideSolutionNode = FALSE
	EndGlobalSection
	GlobalSection(ExtensibilityGlobals) = postSolution
		SolutionGuid = {F11E2F2E-DF96-4E89-91A3-8DF11D79CDC6}
	EndGlobalSection
EndGlobal
