
Microsoft Visual Studio Solution File, Format Version 12.00
# Visual Studio Version 17
VisualStudioVersion = 17.2.32516.85
MinimumVisualStudioVersion = 10.0.40219.1
Project("{FAE04EC0-301F-11D3-BF4B-00C04F79EFBC}") = "HandsOnConstructors", "HandsOnConstructors.csproj", "{4E53EEF4-0AB5-46D7-A898-23ABE5142223}"
EndProject
Global
	GlobalSection(SolutionConfigurationPlatforms) = preSolution
		Debug|Any CPU = Debug|Any CPU
		Release|Any CPU = Release|Any CPU
	EndGlobalSection
	GlobalSection(ProjectConfigurationPlatforms) = postSolution
		{4E53EEF4-0AB5-46D7-A898-23ABE5142223}.Debug|Any CPU.ActiveCfg = Debug|Any CPU
		{4E53EEF4-0AB5-46D7-A898-23ABE5142223}.Debug|Any CPU.Build.0 = Debug|Any CPU
		{4E53EEF4-0AB5-46D7-A898-23ABE5142223}.Release|Any CPU.ActiveCfg = Release|Any CPU
		{4E53EEF4-0AB5-46D7-A898-23ABE5142223}.Release|Any CPU.Build.0 = Release|Any CPU
	EndGlobalSection
	GlobalSection(SolutionProperties) = preSolution
		HideSolutionNode = FALSE
	EndGlobalSection
	GlobalSection(ExtensibilityGlobals) = postSolution
		SolutionGuid = {F35C0AB6-DD9E-41BC-91BE-D91A268ACCA3}
	EndGlobalSection
EndGlobal
